
Microsoft Visual Studio Solution File, Format Version 12.00
# Visual Studio Version 17
VisualStudioVersion = 17.10.35013.160
MinimumVisualStudioVersion = 10.0.40219.1
Project("{9A19103F-16F7-4668-BE54-9A1E7A4F7556}") = "NuExt.System.Data", "src\NuExt.System.Data.csproj", "{13E10547-F939-4542-AA16-48565CE8E161}"
EndProject
Project("{9A19103F-16F7-4668-BE54-9A1E7A4F7556}") = "NuExt.System.Data.Tests", "tests\NuExt.System.Data.Tests.csproj", "{9FCEDA5D-482E-48ED-A525-B8DF177D2082}"
EndProject
Global
	GlobalSection(SolutionConfigurationPlatforms) = preSolution
		Debug|Any CPU = Debug|Any CPU
		Release|Any CPU = Release|Any CPU
	EndGlobalSection
	GlobalSection(ProjectConfigurationPlatforms) = postSolution
		{13E10547-F939-4542-AA16-48565CE8E161}.Debug|Any CPU.ActiveCfg = Debug|Any CPU
		{13E10547-F939-4542-AA16-48565CE8E161}.Debug|Any CPU.Build.0 = Debug|Any CPU
		{13E10547-F939-4542-AA16-48565CE8E161}.Release|Any CPU.ActiveCfg = Release|Any CPU
		{13E10547-F939-4542-AA16-48565CE8E161}.Release|Any CPU.Build.0 = Release|Any CPU
		{9FCEDA5D-482E-48ED-A525-B8DF177D2082}.Debug|Any CPU.ActiveCfg = Debug|Any CPU
		{9FCEDA5D-482E-48ED-A525-B8DF177D2082}.Debug|Any CPU.Build.0 = Debug|Any CPU
		{9FCEDA5D-482E-48ED-A525-B8DF177D2082}.Release|Any CPU.ActiveCfg = Release|Any CPU
		{9FCEDA5D-482E-48ED-A525-B8DF177D2082}.Release|Any CPU.Build.0 = Release|Any CPU
	EndGlobalSection
	GlobalSection(SolutionProperties) = preSolution
		HideSolutionNode = FALSE
	EndGlobalSection
	GlobalSection(ExtensibilityGlobals) = postSolution
		SolutionGuid = {574175B9-B3A7-456B-8561-855537C92488}
	EndGlobalSection
EndGlobal
